
Microsoft Visual Studio Solution File, Format Version 12.00
Project("{FAE04EC0-301F-11D3-BF4B-00C04F79EFBC}") = "GarageAssist", "GarageAssist\GarageAssist.csproj", "{CAA1BABB-5DC2-4CCA-9F12-18AABB799891}"
EndProject
Global
	GlobalSection(SolutionConfigurationPlatforms) = preSolution
		Debug|Any CPU = Debug|Any CPU
		Release|Any CPU = Release|Any CPU
	EndGlobalSection
	GlobalSection(ProjectConfigurationPlatforms) = postSolution
		{CAA1BABB-5DC2-4CCA-9F12-18AABB799891}.Debug|Any CPU.ActiveCfg = Debug|Any CPU
		{CAA1BABB-5DC2-4CCA-9F12-18AABB799891}.Debug|Any CPU.Build.0 = Debug|Any CPU
		{CAA1BABB-5DC2-4CCA-9F12-18AABB799891}.Release|Any CPU.ActiveCfg = Release|Any CPU
		{CAA1BABB-5DC2-4CCA-9F12-18AABB799891}.Release|Any CPU.Build.0 = Release|Any CPU
	EndGlobalSection
EndGlobal
